
Microsoft Visual Studio Solution File, Format Version 12.00
# Visual Studio 2012
Project("{FAE04EC0-301F-11D3-BF4B-00C04F79EFBC}") = "Subs4", "Subs4\Subs4.csproj", "{24EDDE0F-1955-44D8-8CD0-5B9ED1423024}"
EndProject
Project("{FAE04EC0-301F-11D3-BF4B-00C04F79EFBC}") = "Subs4.CsvReportReaderLib", "Subs4.CsvReportReaderLib\Subs4.CsvReportReaderLib.csproj", "{BD8C0122-9264-4B0F-B74C-3A0DED72EAEA}"
EndProject
Project("{FAE04EC0-301F-11D3-BF4B-00C04F79EFBC}") = "Subs4.Common", "Subs4.Common\Subs4.Common.csproj", "{6A1F8918-AC2F-4D47-BD48-BE8D6F39E832}"
EndProject
Project("{2150E333-8FDC-42A3-9474-1A3956D46DE8}") = "Testing", "Testing", "{A434B1C8-ABE1-415F-9EAB-614F6427B56C}"
EndProject
Project("{FAE04EC0-301F-11D3-BF4B-00C04F79EFBC}") = "TestingApp", "TestingApp\TestingApp.csproj", "{945FBB1C-5D3F-4909-9AD3-49EBEC87BE44}"
EndProject
Project("{FAE04EC0-301F-11D3-BF4B-00C04F79EFBC}") = "XmlPersonsLib", "XmlPersonsLib\XmlPersonsLib.csproj", "{A4C0BB7D-E2BF-4D91-9A71-7F044FD170A8}"
EndProject
Global
	GlobalSection(SolutionConfigurationPlatforms) = preSolution
		Debug|Any CPU = Debug|Any CPU
		Release|Any CPU = Release|Any CPU
	EndGlobalSection
	GlobalSection(ProjectConfigurationPlatforms) = postSolution
		{24EDDE0F-1955-44D8-8CD0-5B9ED1423024}.Debug|Any CPU.ActiveCfg = Debug|Any CPU
		{24EDDE0F-1955-44D8-8CD0-5B9ED1423024}.Debug|Any CPU.Build.0 = Debug|Any CPU
		{24EDDE0F-1955-44D8-8CD0-5B9ED1423024}.Release|Any CPU.ActiveCfg = Release|Any CPU
		{24EDDE0F-1955-44D8-8CD0-5B9ED1423024}.Release|Any CPU.Build.0 = Release|Any CPU
		{BD8C0122-9264-4B0F-B74C-3A0DED72EAEA}.Debug|Any CPU.ActiveCfg = Debug|Any CPU
		{BD8C0122-9264-4B0F-B74C-3A0DED72EAEA}.Debug|Any CPU.Build.0 = Debug|Any CPU
		{BD8C0122-9264-4B0F-B74C-3A0DED72EAEA}.Release|Any CPU.ActiveCfg = Release|Any CPU
		{BD8C0122-9264-4B0F-B74C-3A0DED72EAEA}.Release|Any CPU.Build.0 = Release|Any CPU
		{6A1F8918-AC2F-4D47-BD48-BE8D6F39E832}.Debug|Any CPU.ActiveCfg = Debug|Any CPU
		{6A1F8918-AC2F-4D47-BD48-BE8D6F39E832}.Debug|Any CPU.Build.0 = Debug|Any CPU
		{6A1F8918-AC2F-4D47-BD48-BE8D6F39E832}.Release|Any CPU.ActiveCfg = Release|Any CPU
		{6A1F8918-AC2F-4D47-BD48-BE8D6F39E832}.Release|Any CPU.Build.0 = Release|Any CPU
		{945FBB1C-5D3F-4909-9AD3-49EBEC87BE44}.Debug|Any CPU.ActiveCfg = Debug|Any CPU
		{945FBB1C-5D3F-4909-9AD3-49EBEC87BE44}.Debug|Any CPU.Build.0 = Debug|Any CPU
		{945FBB1C-5D3F-4909-9AD3-49EBEC87BE44}.Release|Any CPU.ActiveCfg = Release|Any CPU
		{945FBB1C-5D3F-4909-9AD3-49EBEC87BE44}.Release|Any CPU.Build.0 = Release|Any CPU
		{A4C0BB7D-E2BF-4D91-9A71-7F044FD170A8}.Debug|Any CPU.ActiveCfg = Debug|Any CPU
		{A4C0BB7D-E2BF-4D91-9A71-7F044FD170A8}.Debug|Any CPU.Build.0 = Debug|Any CPU
		{A4C0BB7D-E2BF-4D91-9A71-7F044FD170A8}.Release|Any CPU.ActiveCfg = Release|Any CPU
		{A4C0BB7D-E2BF-4D91-9A71-7F044FD170A8}.Release|Any CPU.Build.0 = Release|Any CPU
	EndGlobalSection
	GlobalSection(SolutionProperties) = preSolution
		HideSolutionNode = FALSE
	EndGlobalSection
	GlobalSection(NestedProjects) = preSolution
		{945FBB1C-5D3F-4909-9AD3-49EBEC87BE44} = {A434B1C8-ABE1-415F-9EAB-614F6427B56C}
	EndGlobalSection
EndGlobal
